# This file is automatically generated by Poetry to track locked dependencies.
[[package]]
name = "asgiref"
version = "3.8.1"
description = "ASGI specs, helper code, and adapters"
optional = false
python-versions = ">=3.8"
files = []

[[package]]
name = "django"
version = "5.1.1"
description = "A high-level Python web framework that encourages rapid development and clean, pragmatic design."
optional = false
python-versions = ">=3.10"
files = []

[[package]]
name = "pillow"
version = "10.4.0"
description = "Python Imaging Library (Fork)"
optional = false
python-versions = ">=3.8"
files = []

[[package]]
name = "reportlab"
version = "4.2.2"
description = "The ReportLab Plugin"
optional = false
python-versions = ">=3.8"
files = []

[[package]]
name = "pytest"
version = "8.3.2"
description = "pytest: simple powerful testing with Python"
optional = true
python-versions = ">=3.8"
files = []

[[package]]
name = "pytest-cov"
version = "5.0.0"
description = "Pytest plugin for measuring coverage."
optional = true
python-versions = ">=3.8"
files = []

[metadata]
lock-version = "2.0"
python-versions = "^3.11"
content-hash = "c12a4f6e80b2a3c5d7e91f2b4c6a8e0b"
